
Microsoft Visual Studio Solution File, Format Version 12.00
# Visual Studio Version 17
VisualStudioVersion = 17.3.32929.385
MinimumVisualStudioVersion = 10.0.40219.1
Project("{FAE04EC0-301F-11D3-BF4B-00C04F79EFBC}") = "Tugas11-0620204011", "Tugas11-0620204011\Tugas11-0620204011.csproj", "{D1F970CC-5691-41E7-B0CE-19D4D5D71A6E}"
EndProject
Project("{FAE04EC0-301F-11D3-BF4B-00C04F79EFBC}") = "ConsoleApp", "ConsoleApp\ConsoleApp.csproj", "{BF67DC8F-4CA0-476C-9040-F9B0A9A04EC3}"
EndProject
Global
	GlobalSection(SolutionConfigurationPlatforms) = preSolution
		Debug|Any CPU = Debug|Any CPU
		Release|Any CPU = Release|Any CPU
	EndGlobalSection
	GlobalSection(ProjectConfigurationPlatforms) = postSolution
		{D1F970CC-5691-41E7-B0CE-19D4D5D71A6E}.Debug|Any CPU.ActiveCfg = Debug|Any CPU
		{D1F970CC-5691-41E7-B0CE-19D4D5D71A6E}.Debug|Any CPU.Build.0 = Debug|Any CPU
		{D1F970CC-5691-41E7-B0CE-19D4D5D71A6E}.Release|Any CPU.ActiveCfg = Release|Any CPU
		{D1F970CC-5691-41E7-B0CE-19D4D5D71A6E}.Release|Any CPU.Build.0 = Release|Any CPU
		{BF67DC8F-4CA0-476C-9040-F9B0A9A04EC3}.Debug|Any CPU.ActiveCfg = Debug|Any CPU
		{BF67DC8F-4CA0-476C-9040-F9B0A9A04EC3}.Debug|Any CPU.Build.0 = Debug|Any CPU
		{BF67DC8F-4CA0-476C-9040-F9B0A9A04EC3}.Release|Any CPU.ActiveCfg = Release|Any CPU
		{BF67DC8F-4CA0-476C-9040-F9B0A9A04EC3}.Release|Any CPU.Build.0 = Release|Any CPU
	EndGlobalSection
	GlobalSection(SolutionProperties) = preSolution
		HideSolutionNode = FALSE
	EndGlobalSection
	GlobalSection(ExtensibilityGlobals) = postSolution
		SolutionGuid = {AEB08CEE-63B5-40A1-A4A2-3E6B8D579AE3}
	EndGlobalSection
EndGlobal
